{
  "name": "backend",
  "lockfileVersion": 3,
  "requires": true,
  "packages": {
    "": {
      "dependencies": {
        "hospital-backend": "file:.."
      }
    },
    "..": {
      "name": "hospital-backend",
      "version": "1.0.0",
      "dependencies": {
        "mysql2": "^3.6.0"
      }
    },
    "node_modules/hospital-backend": {
      "resolved": "..",
      "link": true
    }
  }
}
